
Microsoft Visual Studio Solution File, Format Version 12.00
# Visual Studio Version 17
VisualStudioVersion = 17.7.34202.233
MinimumVisualStudioVersion = 10.0.40219.1
Project("{D2ABAB84-BF74-430A-B69E-9DC6D40DDA17}") = "SSAS", "SSAS\SSAS.dwproj", "{CC41FDFD-C7AA-4602-AB58-5B2EE5A4210B}"
EndProject
Global
	GlobalSection(SolutionConfigurationPlatforms) = preSolution
		Development|Default = Development|Default
	EndGlobalSection
	GlobalSection(ProjectConfigurationPlatforms) = postSolution
		{CC41FDFD-C7AA-4602-AB58-5B2EE5A4210B}.Development|Default.ActiveCfg = Development
		{CC41FDFD-C7AA-4602-AB58-5B2EE5A4210B}.Development|Default.Build.0 = Development
		{CC41FDFD-C7AA-4602-AB58-5B2EE5A4210B}.Development|Default.Deploy.0 = Development
	EndGlobalSection
	GlobalSection(SolutionProperties) = preSolution
		HideSolutionNode = FALSE
	EndGlobalSection
	GlobalSection(ExtensibilityGlobals) = postSolution
		SolutionGuid = {F1AD0D29-93C9-4A0E-99BC-E505A96636EC}
	EndGlobalSection
EndGlobal
